
Microsoft Visual Studio Solution File, Format Version 12.00
# Visual Studio Version 17
VisualStudioVersion = 17.12.35707.178
MinimumVisualStudioVersion = 10.0.40219.1
Project("{FAE04EC0-301F-11D3-BF4B-00C04F79EFBC}") = "Network", "TeamProject\Network.csproj", "{CCC28D21-303D-4BFB-ABAB-B8EA6568705B}"
EndProject
Project("{2150E333-8FDC-42A3-9474-1A3956D46DE8}") = "src", "src", "{C9898C55-B66F-4F5C-8E1E-8324034AB6F2}"
EndProject
Project("{2150E333-8FDC-42A3-9474-1A3956D46DE8}") = "Shared", "Shared", "{7323AC9A-F376-46DC-BFB5-B3171601B221}"
EndProject
Project("{2150E333-8FDC-42A3-9474-1A3956D46DE8}") = "Client", "Client", "{38BBB948-1759-4908-9588-168E00D61F2E}"
EndProject
Project("{2150E333-8FDC-42A3-9474-1A3956D46DE8}") = "Server", "Server", "{1CFFA88B-E42F-4CC0-8AA3-BD75BB68C70F}"
EndProject
Project("{FAE04EC0-301F-11D3-BF4B-00C04F79EFBC}") = "Input", "Input\Input.csproj", "{B45F8647-EF6C-4BEE-B9F9-7D709CE4D7E5}"
EndProject
Project("{FAE04EC0-301F-11D3-BF4B-00C04F79EFBC}") = "Server", "Server\Server.csproj", "{2FC68CCA-50F8-4FC2-84FD-83995ECCE947}"
EndProject
Project("{FAE04EC0-301F-11D3-BF4B-00C04F79EFBC}") = "Client", "Client\Client.csproj", "{4324B869-589A-4D5F-A9C4-ED8106CD0B7B}"
EndProject
Global
	GlobalSection(SolutionConfigurationPlatforms) = preSolution
		Debug|Any CPU = Debug|Any CPU
		Release|Any CPU = Release|Any CPU
	EndGlobalSection
	GlobalSection(ProjectConfigurationPlatforms) = postSolution
		{CCC28D21-303D-4BFB-ABAB-B8EA6568705B}.Debug|Any CPU.ActiveCfg = Debug|Any CPU
		{CCC28D21-303D-4BFB-ABAB-B8EA6568705B}.Debug|Any CPU.Build.0 = Debug|Any CPU
		{CCC28D21-303D-4BFB-ABAB-B8EA6568705B}.Release|Any CPU.ActiveCfg = Release|Any CPU
		{CCC28D21-303D-4BFB-ABAB-B8EA6568705B}.Release|Any CPU.Build.0 = Release|Any CPU
		{B45F8647-EF6C-4BEE-B9F9-7D709CE4D7E5}.Debug|Any CPU.ActiveCfg = Debug|Any CPU
		{B45F8647-EF6C-4BEE-B9F9-7D709CE4D7E5}.Debug|Any CPU.Build.0 = Debug|Any CPU
		{B45F8647-EF6C-4BEE-B9F9-7D709CE4D7E5}.Release|Any CPU.ActiveCfg = Release|Any CPU
		{B45F8647-EF6C-4BEE-B9F9-7D709CE4D7E5}.Release|Any CPU.Build.0 = Release|Any CPU
		{2FC68CCA-50F8-4FC2-84FD-83995ECCE947}.Debug|Any CPU.ActiveCfg = Debug|Any CPU
		{2FC68CCA-50F8-4FC2-84FD-83995ECCE947}.Debug|Any CPU.Build.0 = Debug|Any CPU
		{2FC68CCA-50F8-4FC2-84FD-83995ECCE947}.Release|Any CPU.ActiveCfg = Release|Any CPU
		{2FC68CCA-50F8-4FC2-84FD-83995ECCE947}.Release|Any CPU.Build.0 = Release|Any CPU
		{4324B869-589A-4D5F-A9C4-ED8106CD0B7B}.Debug|Any CPU.ActiveCfg = Debug|Any CPU
		{4324B869-589A-4D5F-A9C4-ED8106CD0B7B}.Debug|Any CPU.Build.0 = Debug|Any CPU
		{4324B869-589A-4D5F-A9C4-ED8106CD0B7B}.Release|Any CPU.ActiveCfg = Release|Any CPU
		{4324B869-589A-4D5F-A9C4-ED8106CD0B7B}.Release|Any CPU.Build.0 = Release|Any CPU
	EndGlobalSection
	GlobalSection(SolutionProperties) = preSolution
		HideSolutionNode = FALSE
	EndGlobalSection
	GlobalSection(NestedProjects) = preSolution
		{CCC28D21-303D-4BFB-ABAB-B8EA6568705B} = {7323AC9A-F376-46DC-BFB5-B3171601B221}
		{7323AC9A-F376-46DC-BFB5-B3171601B221} = {C9898C55-B66F-4F5C-8E1E-8324034AB6F2}
		{38BBB948-1759-4908-9588-168E00D61F2E} = {C9898C55-B66F-4F5C-8E1E-8324034AB6F2}
		{1CFFA88B-E42F-4CC0-8AA3-BD75BB68C70F} = {C9898C55-B66F-4F5C-8E1E-8324034AB6F2}
		{B45F8647-EF6C-4BEE-B9F9-7D709CE4D7E5} = {7323AC9A-F376-46DC-BFB5-B3171601B221}
		{2FC68CCA-50F8-4FC2-84FD-83995ECCE947} = {1CFFA88B-E42F-4CC0-8AA3-BD75BB68C70F}
		{4324B869-589A-4D5F-A9C4-ED8106CD0B7B} = {38BBB948-1759-4908-9588-168E00D61F2E}
	EndGlobalSection
EndGlobal
